
Microsoft Visual Studio Solution File, Format Version 12.00
# Visual Studio Version 17
VisualStudioVersion = 17.4.33213.308
MinimumVisualStudioVersion = 10.0.40219.1
Project("{FAE04EC0-301F-11D3-BF4B-00C04F79EFBC}") = "Static, Extension method, Enum", "Static, Extension method, Enum\Static, Extension method, Enum.csproj", "{D942F6DE-5ADE-469E-982E-CCB15BEDD6DB}"
EndProject
Global
	GlobalSection(SolutionConfigurationPlatforms) = preSolution
		Debug|Any CPU = Debug|Any CPU
		Release|Any CPU = Release|Any CPU
	EndGlobalSection
	GlobalSection(ProjectConfigurationPlatforms) = postSolution
		{D942F6DE-5ADE-469E-982E-CCB15BEDD6DB}.Debug|Any CPU.ActiveCfg = Debug|Any CPU
		{D942F6DE-5ADE-469E-982E-CCB15BEDD6DB}.Debug|Any CPU.Build.0 = Debug|Any CPU
		{D942F6DE-5ADE-469E-982E-CCB15BEDD6DB}.Release|Any CPU.ActiveCfg = Release|Any CPU
		{D942F6DE-5ADE-469E-982E-CCB15BEDD6DB}.Release|Any CPU.Build.0 = Release|Any CPU
	EndGlobalSection
	GlobalSection(SolutionProperties) = preSolution
		HideSolutionNode = FALSE
	EndGlobalSection
	GlobalSection(ExtensibilityGlobals) = postSolution
		SolutionGuid = {0E6CC81D-E396-4259-8A44-828630C8F62B}
	EndGlobalSection
EndGlobal
